# This file is automatically @generated by Poetry 1.8.4 and should not be changed by hand.

[[package]]
name = "asn1crypto"
version = "1.5.1"
description = "Fast ASN.1 parser and serializer with definitions for private keys, public keys, certificates, CRL, OCSP, CMS, PKCS#3, PKCS#7, PKCS#8, PKCS#12, PKCS#5, X.509 and TSP"
optional = false
python-versions = "*"
files = [
    {file = "asn1crypto-1.5.1-py2.py3-none-any.whl", hash = "sha256:db4e40728b728508912cbb3d44f19ce188f218e9eba635821bb4b68564f8fd67"},
    {file = "asn1crypto-1.5.1.tar.gz", hash = "sha256:13ae38502be632115abf8a24cbe5f4da52e3b5231990aff31123c805306ccb9c"},
]

[[package]]
name = "berkeleydb"
version = "18.1.11"
description = "Python bindings for Oracle Berkeley DB"
optional = false
python-versions = "*"
files = [
    {file = "berkeleydb-18.1.11.tar.gz", hash = "sha256:7454f560d2d1a0e5d0d5630a437f19926b68bc794eb161edea2cdc4b267cf574"},
]

[[package]]
name = "bsddb3"
version = "6.2.9"
description = "Python bindings for Oracle Berkeley DB"
optional = false
python-versions = "*"
files = [
    {file = "bsddb3-6.2.9.tar.gz", hash = "sha256:70d05ec8dc568f42e70fc919a442e0daadc2a905a1cfb7ca77f549d49d6e7801"},
]

[metadata]
lock-version = "2.0"
python-versions = "^3.12"
content-hash = "2266f329273fd303eb0a802aa336ba7c8fd2b9b845274ae652ed4fe1223f7e12"
